
Microsoft Visual Studio Solution File, Format Version 12.00
# Visual Studio Version 17
VisualStudioVersion = 17.4.33213.308
MinimumVisualStudioVersion = 10.0.40219.1
Project("{9A19103F-16F7-4668-BE54-9A1E7A4F7556}") = "react-red", "react-red.csproj", "{7BD836DD-0437-4613-BECB-5C5020FB6D64}"
EndProject
Global
	GlobalSection(SolutionConfigurationPlatforms) = preSolution
		Debug|Any CPU = Debug|Any CPU
		Release|Any CPU = Release|Any CPU
	EndGlobalSection
	GlobalSection(ProjectConfigurationPlatforms) = postSolution
		{7BD836DD-0437-4613-BECB-5C5020FB6D64}.Debug|Any CPU.ActiveCfg = Debug|Any CPU
		{7BD836DD-0437-4613-BECB-5C5020FB6D64}.Debug|Any CPU.Build.0 = Debug|Any CPU
		{7BD836DD-0437-4613-BECB-5C5020FB6D64}.Release|Any CPU.ActiveCfg = Release|Any CPU
		{7BD836DD-0437-4613-BECB-5C5020FB6D64}.Release|Any CPU.Build.0 = Release|Any CPU
	EndGlobalSection
	GlobalSection(SolutionProperties) = preSolution
		HideSolutionNode = FALSE
	EndGlobalSection
	GlobalSection(ExtensibilityGlobals) = postSolution
		SolutionGuid = {97249ABD-3652-4811-8151-32980F13848A}
	EndGlobalSection
EndGlobal
